
Microsoft Visual Studio Solution File, Format Version 12.00
# Visual Studio Version 17
VisualStudioVersion = 17.7.34221.43
MinimumVisualStudioVersion = 10.0.40219.1
Project("{2150E333-8FDC-42A3-9474-1A3956D46DE8}") = "src", "src", "{41DA7C32-4F46-47AA-A683-9BE02C753B13}"
EndProject
Project("{2150E333-8FDC-42A3-9474-1A3956D46DE8}") = "API", "API", "{054D8086-607D-4D05-8390-145A41E30EF8}"
EndProject
Project("{2150E333-8FDC-42A3-9474-1A3956D46DE8}") = "Core", "Core", "{723A7202-DF86-4B81-8793-0FA3E897BC22}"
EndProject
Project("{FAE04EC0-301F-11D3-BF4B-00C04F79EFBC}") = "Megasave.Application", "Megasave.Application\Megasave.Application.csproj", "{575E91DC-0343-4518-BC34-BE3514958A5E}"
EndProject
Project("{FAE04EC0-301F-11D3-BF4B-00C04F79EFBC}") = "Megasave.Domain", "Megasave.Domain\Megasave.Domain.csproj", "{9A86153B-3381-44C9-A78C-48ACB3F5A803}"
EndProject
Project("{2150E333-8FDC-42A3-9474-1A3956D46DE8}") = "Infrastructure", "Infrastructure", "{60F5DB18-D231-4B2D-9284-5291CB323E2E}"
EndProject
Project("{FAE04EC0-301F-11D3-BF4B-00C04F79EFBC}") = "Megasave.Identity", "Megasave.Identity\Megasave.Identity.csproj", "{74F5BCF4-4BBB-456D-BD68-337D74099A50}"
EndProject
Project("{FAE04EC0-301F-11D3-BF4B-00C04F79EFBC}") = "Megasave.Persistence", "Megasave.Persistence\Megasave.Persistence.csproj", "{BF1EE122-779C-4FCE-9AD4-C6E86A5D1FE3}"
EndProject
Project("{2150E333-8FDC-42A3-9474-1A3956D46DE8}") = "UI", "UI", "{AD2879C1-CF82-4750-991C-888845614245}"
EndProject
Project("{FAE04EC0-301F-11D3-BF4B-00C04F79EFBC}") = "Megasave.Web", "Megasave.Web\Megasave.Web.csproj", "{B87CF734-7BA4-41AC-B335-FD8D27498993}"
EndProject
Project("{2150E333-8FDC-42A3-9474-1A3956D46DE8}") = "test", "test", "{E4F58002-6542-44FA-B7AF-3D61461B20C9}"
EndProject
Project("{FAE04EC0-301F-11D3-BF4B-00C04F79EFBC}") = "Megasave.ApplicationUnitTests", "Megasave.ApplicationUnitTests\Megasave.ApplicationUnitTests.csproj", "{B9A6EDBE-98F9-4A81-89C9-71BDE6391C9B}"
EndProject
Global
	GlobalSection(SolutionConfigurationPlatforms) = preSolution
		Debug|Any CPU = Debug|Any CPU
		Release|Any CPU = Release|Any CPU
	EndGlobalSection
	GlobalSection(ProjectConfigurationPlatforms) = postSolution
		{575E91DC-0343-4518-BC34-BE3514958A5E}.Debug|Any CPU.ActiveCfg = Debug|Any CPU
		{575E91DC-0343-4518-BC34-BE3514958A5E}.Debug|Any CPU.Build.0 = Debug|Any CPU
		{575E91DC-0343-4518-BC34-BE3514958A5E}.Release|Any CPU.ActiveCfg = Release|Any CPU
		{575E91DC-0343-4518-BC34-BE3514958A5E}.Release|Any CPU.Build.0 = Release|Any CPU
		{9A86153B-3381-44C9-A78C-48ACB3F5A803}.Debug|Any CPU.ActiveCfg = Debug|Any CPU
		{9A86153B-3381-44C9-A78C-48ACB3F5A803}.Debug|Any CPU.Build.0 = Debug|Any CPU
		{9A86153B-3381-44C9-A78C-48ACB3F5A803}.Release|Any CPU.ActiveCfg = Release|Any CPU
		{9A86153B-3381-44C9-A78C-48ACB3F5A803}.Release|Any CPU.Build.0 = Release|Any CPU
		{74F5BCF4-4BBB-456D-BD68-337D74099A50}.Debug|Any CPU.ActiveCfg = Debug|Any CPU
		{74F5BCF4-4BBB-456D-BD68-337D74099A50}.Debug|Any CPU.Build.0 = Debug|Any CPU
		{74F5BCF4-4BBB-456D-BD68-337D74099A50}.Release|Any CPU.ActiveCfg = Release|Any CPU
		{74F5BCF4-4BBB-456D-BD68-337D74099A50}.Release|Any CPU.Build.0 = Release|Any CPU
		{BF1EE122-779C-4FCE-9AD4-C6E86A5D1FE3}.Debug|Any CPU.ActiveCfg = Debug|Any CPU
		{BF1EE122-779C-4FCE-9AD4-C6E86A5D1FE3}.Debug|Any CPU.Build.0 = Debug|Any CPU
		{BF1EE122-779C-4FCE-9AD4-C6E86A5D1FE3}.Release|Any CPU.ActiveCfg = Release|Any CPU
		{BF1EE122-779C-4FCE-9AD4-C6E86A5D1FE3}.Release|Any CPU.Build.0 = Release|Any CPU
		{B87CF734-7BA4-41AC-B335-FD8D27498993}.Debug|Any CPU.ActiveCfg = Debug|Any CPU
		{B87CF734-7BA4-41AC-B335-FD8D27498993}.Debug|Any CPU.Build.0 = Debug|Any CPU
		{B87CF734-7BA4-41AC-B335-FD8D27498993}.Release|Any CPU.ActiveCfg = Release|Any CPU
		{B87CF734-7BA4-41AC-B335-FD8D27498993}.Release|Any CPU.Build.0 = Release|Any CPU
		{B9A6EDBE-98F9-4A81-89C9-71BDE6391C9B}.Debug|Any CPU.ActiveCfg = Debug|Any CPU
		{B9A6EDBE-98F9-4A81-89C9-71BDE6391C9B}.Debug|Any CPU.Build.0 = Debug|Any CPU
		{B9A6EDBE-98F9-4A81-89C9-71BDE6391C9B}.Release|Any CPU.ActiveCfg = Release|Any CPU
		{B9A6EDBE-98F9-4A81-89C9-71BDE6391C9B}.Release|Any CPU.Build.0 = Release|Any CPU
	EndGlobalSection
	GlobalSection(SolutionProperties) = preSolution
		HideSolutionNode = FALSE
	EndGlobalSection
	GlobalSection(NestedProjects) = preSolution
		{054D8086-607D-4D05-8390-145A41E30EF8} = {41DA7C32-4F46-47AA-A683-9BE02C753B13}
		{723A7202-DF86-4B81-8793-0FA3E897BC22} = {41DA7C32-4F46-47AA-A683-9BE02C753B13}
		{575E91DC-0343-4518-BC34-BE3514958A5E} = {723A7202-DF86-4B81-8793-0FA3E897BC22}
		{9A86153B-3381-44C9-A78C-48ACB3F5A803} = {723A7202-DF86-4B81-8793-0FA3E897BC22}
		{60F5DB18-D231-4B2D-9284-5291CB323E2E} = {41DA7C32-4F46-47AA-A683-9BE02C753B13}
		{74F5BCF4-4BBB-456D-BD68-337D74099A50} = {60F5DB18-D231-4B2D-9284-5291CB323E2E}
		{BF1EE122-779C-4FCE-9AD4-C6E86A5D1FE3} = {60F5DB18-D231-4B2D-9284-5291CB323E2E}
		{AD2879C1-CF82-4750-991C-888845614245} = {41DA7C32-4F46-47AA-A683-9BE02C753B13}
		{B87CF734-7BA4-41AC-B335-FD8D27498993} = {AD2879C1-CF82-4750-991C-888845614245}
		{B9A6EDBE-98F9-4A81-89C9-71BDE6391C9B} = {E4F58002-6542-44FA-B7AF-3D61461B20C9}
	EndGlobalSection
	GlobalSection(ExtensibilityGlobals) = postSolution
		SolutionGuid = {3C1AE851-3234-4F92-A652-55816ACAE260}
	EndGlobalSection
EndGlobal
